// !$*UTF8*$!
{
	archiveVersion = 1;
	classes = {
	};
	objectVersion = 77;
	objects = {

/* Begin PBXContainerItemProxy section */
		B66696112DA6A5240086E773 /* PBXContainerItemProxy */ = {
			isa = PBXContainerItemProxy;
			containerPortal = B66695FA2DA6A5230086E773 /* Project object */;
			proxyType = 1;
			remoteGlobalIDString = B66696012DA6A5230086E773;
			remoteInfo = "ollama-manager";
		};
		B666961B2DA6A5240086E773 /* PBXContainerItemProxy */ = {
			isa = PBXContainerItemProxy;
			containerPortal = B66695FA2DA6A5230086E773 /* Project object */;
			proxyType = 1;
			remoteGlobalIDString = B66696012DA6A5230086E773;
			remoteInfo = "ollama-manager";
		};
/* End PBXContainerItemProxy section */

/* Begin PBXFileReference section */
		B66696022DA6A5230086E773 /* ollama-manager.app */ = {isa = PBXFileReference; explicitFileType = wrapper.application; includeInIndex = 0; path = "ollama-manager.app"; sourceTree = BUILT_PRODUCTS_DIR; };
		B66696102DA6A5240086E773 /* ollama-managerTests.xctest */ = {isa = PBXFileReference; explicitFileType = wrapper.cfbundle; includeInIndex = 0; path = "ollama-managerTests.xctest"; sourceTree = BUILT_PRODUCTS_DIR; };
		B666961A2DA6A5240086E773 /* ollama-managerUITests.xctest */ = {isa = PBXFileReference; explicitFileType = wrapper.cfbundle; includeInIndex = 0; path = "ollama-managerUITests.xctest"; sourceTree = BUILT_PRODUCTS_DIR; };
/* End PBXFileReference section */

/* Begin PBXFileSystemSynchronizedRootGroup section */
		B66696042DA6A5230086E773 /* ollama-manager */ = {
			isa = PBXFileSystemSynchronizedRootGroup;
			path = "ollama-manager";
			sourceTree = "<group>";
		};
		B66696132DA6A5240086E773 /* ollama-managerTests */ = {
			isa = PBXFileSystemSynchronizedRootGroup;
			path = "ollama-managerTests";
			sourceTree = "<group>";
		};
		B666961D2DA6A5240086E773 /* ollama-managerUITests */ = {
			isa = PBXFileSystemSynchronizedRootGroup;
			path = "ollama-managerUITests";
			sourceTree = "<group>";
		};
/* End PBXFileSystemSynchronizedRootGroup section */

/* Begin PBXFrameworksBuildPhase section */
		B66695FF2DA6A5230086E773 /* Frameworks */ = {
			isa = PBXFrameworksBuildPhase;
			buildActionMask = 2147483647;
			files = (
			);
			runOnlyForDeploymentPostprocessing = 0;
		};
		B666960D2DA6A5240086E773 /* Frameworks */ = {
			isa = PBXFrameworksBuildPhase;
			buildActionMask = 2147483647;
			files = (
			);
			runOnlyForDeploymentPostprocessing = 0;
		};
		B66696172DA6A5240086E773 /* Frameworks */ = {
			isa = PBXFrameworksBuildPhase;
			buildActionMask = 2147483647;
			files = (
			);
			runOnlyForDeploymentPostprocessing = 0;
		};
/* End PBXFrameworksBuildPhase section */

/* Begin PBXGroup section */
		B66695F92DA6A5230086E773 = {
			isa = PBXGroup;
			children = (
				B66696042DA6A5230086E773 /* ollama-manager */,
				B66696132DA6A5240086E773 /* ollama-managerTests */,
				B666961D2DA6A5240086E773 /* ollama-managerUITests */,
				B66696032DA6A5230086E773 /* Products */,
			);
			sourceTree = "<group>";
		};
		B66696032DA6A5230086E773 /* Products */ = {
			isa = PBXGroup;
			children = (
				B66696022DA6A5230086E773 /* ollama-manager.app */,
				B66696102DA6A5240086E773 /* ollama-managerTests.xctest */,
				B666961A2DA6A5240086E773 /* ollama-managerUITests.xctest */,
			);
			name = Products;
			sourceTree = "<group>";
		};
/* End PBXGroup section */

/* Begin PBXNativeTarget section */
		B66696012DA6A5230086E773 /* ollama-manager */ = {
			isa = PBXNativeTarget;
			buildConfigurationList = B66696242DA6A5240086E773 /* Build configuration list for PBXNativeTarget "ollama-manager" */;
			buildPhases = (
				B66695FE2DA6A5230086E773 /* Sources */,
				B66695FF2DA6A5230086E773 /* Frameworks */,
				B66696002DA6A5230086E773 /* Resources */,
			);
			buildRules = (
			);
			dependencies = (
			);
			fileSystemSynchronizedGroups = (
				B66696042DA6A5230086E773 /* ollama-manager */,
			);
			name = "ollama-manager";
			packageProductDependencies = (
			);
			productName = "ollama-manager";
			productReference = B66696022DA6A5230086E773 /* ollama-manager.app */;
			productType = "com.apple.product-type.application";
		};
		B666960F2DA6A5240086E773 /* ollama-managerTests */ = {
			isa = PBXNativeTarget;
			buildConfigurationList = B66696272DA6A5240086E773 /* Build configuration list for PBXNativeTarget "ollama-managerTests" */;
			buildPhases = (
				B666960C2DA6A5240086E773 /* Sources */,
				B666960D2DA6A5240086E773 /* Frameworks */,
				B666960E2DA6A5240086E773 /* Resources */,
			);
			buildRules = (
			);
			dependencies = (
				B66696122DA6A5240086E773 /* PBXTargetDependency */,
			);
			fileSystemSynchronizedGroups = (
				B66696132DA6A5240086E773 /* ollama-managerTests */,
			);
			name = "ollama-managerTests";
			packageProductDependencies = (
			);
			productName = "ollama-managerTests";
			productReference = B66696102DA6A5240086E773 /* ollama-managerTests.xctest */;
			productType = "com.apple.product-type.bundle.unit-test";
		};
		B66696192DA6A5240086E773 /* ollama-managerUITests */ = {
			isa = PBXNativeTarget;
			buildConfigurationList = B666962A2DA6A5240086E773 /* Build configuration list for PBXNativeTarget "ollama-managerUITests" */;
			buildPhases = (
				B66696162DA6A5240086E773 /* Sources */,
				B66696172DA6A5240086E773 /* Frameworks */,
				B66696182DA6A5240086E773 /* Resources */,
			);
			buildRules = (
			);
			dependencies = (
				B666961C2DA6A5240086E773 /* PBXTargetDependency */,
			);
			fileSystemSynchronizedGroups = (
				B666961D2DA6A5240086E773 /* ollama-managerUITests */,
			);
			name = "ollama-managerUITests";
			packageProductDependencies = (
			);
			productName = "ollama-managerUITests";
			productReference = B666961A2DA6A5240086E773 /* ollama-managerUITests.xctest */;
			productType = "com.apple.product-type.bundle.ui-testing";
		};
/* End PBXNativeTarget section */

/* Begin PBXProject section */
		B66695FA2DA6A5230086E773 /* Project object */ = {
			isa = PBXProject;
			attributes = {
				BuildIndependentTargetsInParallel = 1;
				LastSwiftUpdateCheck = 1630;
				LastUpgradeCheck = 1630;
				TargetAttributes = {
					B66696012DA6A5230086E773 = {
						CreatedOnToolsVersion = 16.3;
					};
					B666960F2DA6A5240086E773 = {
						CreatedOnToolsVersion = 16.3;
						TestTargetID = B66696012DA6A5230086E773;
					};
					B66696192DA6A5240086E773 = {
						CreatedOnToolsVersion = 16.3;
						TestTargetID = B66696012DA6A5230086E773;
					};
				};
			};
			buildConfigurationList = B66695FD2DA6A5230086E773 /* Build configuration list for PBXProject "ollama-manager" */;
			developmentRegion = en;
			hasScannedForEncodings = 0;
			knownRegions = (
				en,
				Base,
			);
			mainGroup = B66695F92DA6A5230086E773;
			minimizedProjectReferenceProxies = 1;
			preferredProjectObjectVersion = 77;
			productRefGroup = B66696032DA6A5230086E773 /* Products */;
			projectDirPath = "";
			projectRoot = "";
			targets = (
				B66696012DA6A5230086E773 /* ollama-manager */,
				B666960F2DA6A5240086E773 /* ollama-managerTests */,
				B66696192DA6A5240086E773 /* ollama-managerUITests */,
			);
		};
/* End PBXProject section */

/* Begin PBXResourcesBuildPhase section */
		B66696002DA6A5230086E773 /* Resources */ = {
			isa = PBXResourcesBuildPhase;
			buildActionMask = 2147483647;
			files = (
			);
			runOnlyForDeploymentPostprocessing = 0;
		};
		B666960E2DA6A5240086E773 /* Resources */ = {
			isa = PBXResourcesBuildPhase;
			buildActionMask = 2147483647;
			files = (
			);
			runOnlyForDeploymentPostprocessing = 0;
		};
		B66696182DA6A5240086E773 /* Resources */ = {
			isa = PBXResourcesBuildPhase;
			buildActionMask = 2147483647;
			files = (
			);
			runOnlyForDeploymentPostprocessing = 0;
		};
/* End PBXResourcesBuildPhase section */

/* Begin PBXSourcesBuildPhase section */
		B66695FE2DA6A5230086E773 /* Sources */ = {
			isa = PBXSourcesBuildPhase;
			buildActionMask = 2147483647;
			files = (
			);
			runOnlyForDeploymentPostprocessing = 0;
		};
		B666960C2DA6A5240086E773 /* Sources */ = {
			isa = PBXSourcesBuildPhase;
			buildActionMask = 2147483647;
			files = (
			);
			runOnlyForDeploymentPostprocessing = 0;
		};
		B66696162DA6A5240086E773 /* Sources */ = {
			isa = PBXSourcesBuildPhase;
			buildActionMask = 2147483647;
			files = (
			);
			runOnlyForDeploymentPostprocessing = 0;
		};
/* End PBXSourcesBuildPhase section */

/* Begin PBXTargetDependency section */
		B66696122DA6A5240086E773 /* PBXTargetDependency */ = {
			isa = PBXTargetDependency;
			target = B66696012DA6A5230086E773 /* ollama-manager */;
			targetProxy = B66696112DA6A5240086E773 /* PBXContainerItemProxy */;
		};
		B666961C2DA6A5240086E773 /* PBXTargetDependency */ = {
			isa = PBXTargetDependency;
			target = B66696012DA6A5230086E773 /* ollama-manager */;
			targetProxy = B666961B2DA6A5240086E773 /* PBXContainerItemProxy */;
		};
/* End PBXTargetDependency section */

/* Begin XCBuildConfiguration section */
		B66696222DA6A5240086E773 /* Debug */ = {
			isa = XCBuildConfiguration;
			buildSettings = {
				ALWAYS_SEARCH_USER_PATHS = NO;
				ASSETCATALOG_COMPILER_GENERATE_SWIFT_ASSET_SYMBOL_EXTENSIONS = YES;
				CLANG_ANALYZER_NONNULL = YES;
				CLANG_ANALYZER_NUMBER_OBJECT_CONVERSION = YES_AGGRESSIVE;
				CLANG_CXX_LANGUAGE_STANDARD = "gnu++20";
				CLANG_ENABLE_MODULES = YES;
				CLANG_ENABLE_OBJC_ARC = YES;
				CLANG_ENABLE_OBJC_WEAK = YES;
				CLANG_WARN_BLOCK_CAPTURE_AUTORELEASING = YES;
				CLANG_WARN_BOOL_CONVERSION = YES;
				CLANG_WARN_COMMA = YES;
				CLANG_WARN_CONSTANT_CONVERSION = YES;
				CLANG_WARN_DEPRECATED_OBJC_IMPLEMENTATIONS = YES;
				CLANG_WARN_DIRECT_OBJC_ISA_USAGE = YES_ERROR;
				CLANG_WARN_DOCUMENTATION_COMMENTS = YES;
				CLANG_WARN_EMPTY_BODY = YES;
				CLANG_WARN_ENUM_CONVERSION = YES;
				CLANG_WARN_INFINITE_RECURSION = YES;
				CLANG_WARN_INT_CONVERSION = YES;
				CLANG_WARN_NON_LITERAL_NULL_CONVERSION = YES;
				CLANG_WARN_OBJC_IMPLICIT_RETAIN_SELF = YES;
				CLANG_WARN_OBJC_LITERAL_CONVERSION = YES;
				CLANG_WARN_OBJC_ROOT_CLASS = YES_ERROR;
				CLANG_WARN_QUOTED_INCLUDE_IN_FRAMEWORK_HEADER = YES;
				CLANG_WARN_RANGE_LOOP_ANALYSIS = YES;
				CLANG_WARN_STRICT_PROTOTYPES = YES;
				CLANG_WARN_SUSPICIOUS_MOVE = YES;
				CLANG_WARN_UNGUARDED_AVAILABILITY = YES_AGGRESSIVE;
				CLANG_WARN_UNREACHABLE_CODE = YES;
				CLANG_WARN__DUPLICATE_METHOD_MATCH = YES;
				COPY_PHASE_STRIP = NO;
				DEBUG_INFORMATION_FORMAT = dwarf;
				ENABLE_STRICT_OBJC_MSGSEND = YES;
				ENABLE_TESTABILITY = YES;
				ENABLE_USER_SCRIPT_SANDBOXING = YES;
				GCC_C_LANGUAGE_STANDARD = gnu17;
				GCC_DYNAMIC_NO_PIC = NO;
				GCC_NO_COMMON_BLOCKS = YES;
				GCC_OPTIMIZATION_LEVEL = 0;
				GCC_PREPROCESSOR_DEFINITIONS = (
					"DEBUG=1",
					"$(inherited)",
				);
				GCC_WARN_64_TO_32_BIT_CONVERSION = YES;
				GCC_WARN_ABOUT_RETURN_TYPE = YES_ERROR;
				GCC_WARN_UNDECLARED_SELECTOR = YES;
				GCC_WARN_UNINITIALIZED_AUTOS = YES_AGGRESSIVE;
				GCC_WARN_UNUSED_FUNCTION = YES;
				GCC_WARN_UNUSED_VARIABLE = YES;
				LOCALIZATION_PREFERS_STRING_CATALOGS = YES;
				MACOSX_DEPLOYMENT_TARGET = 15.4;
				MTL_ENABLE_DEBUG_INFO = INCLUDE_SOURCE;
				MTL_FAST_MATH = YES;
				ONLY_ACTIVE_ARCH = YES;
				SDKROOT = macosx;
				SWIFT_ACTIVE_COMPILATION_CONDITIONS = "DEBUG $(inherited)";
				SWIFT_OPTIMIZATION_LEVEL = "-Onone";
			};
			name = Debug;
		};
		B66696232DA6A5240086E773 /* Release */ = {
			isa = XCBuildConfiguration;
			buildSettings = {
				ALWAYS_SEARCH_USER_PATHS = NO;
				ASSETCATALOG_COMPILER_GENERATE_SWIFT_ASSET_SYMBOL_EXTENSIONS = YES;
				CLANG_ANALYZER_NONNULL = YES;
				CLANG_ANALYZER_NUMBER_OBJECT_CONVERSION = YES_AGGRESSIVE;
				CLANG_CXX_LANGUAGE_STANDARD = "gnu++20";
				CLANG_ENABLE_MODULES = YES;
				CLANG_ENABLE_OBJC_ARC = YES;
				CLANG_ENABLE_OBJC_WEAK = YES;
				CLANG_WARN_BLOCK_CAPTURE_AUTORELEASING = YES;
				CLANG_WARN_BOOL_CONVERSION = YES;
				CLANG_WARN_COMMA = YES;
				CLANG_WARN_CONSTANT_CONVERSION = YES;
				CLANG_WARN_DEPRECATED_OBJC_IMPLEMENTATIONS = YES;
				CLANG_WARN_DIRECT_OBJC_ISA_USAGE = YES_ERROR;
				CLANG_WARN_DOCUMENTATION_COMMENTS = YES;
				CLANG_WARN_EMPTY_BODY = YES;
				CLANG_WARN_ENUM_CONVERSION = YES;
				CLANG_WARN_INFINITE_RECURSION = YES;
				CLANG_WARN_INT_CONVERSION = YES;
				CLANG_WARN_NON_LITERAL_NULL_CONVERSION = YES;
				CLANG_WARN_OBJC_IMPLICIT_RETAIN_SELF = YES;
				CLANG_WARN_OBJC_LITERAL_CONVERSION = YES;
				CLANG_WARN_OBJC_ROOT_CLASS = YES_ERROR;
				CLANG_WARN_QUOTED_INCLUDE_IN_FRAMEWORK_HEADER = YES;
				CLANG_WARN_RANGE_LOOP_ANALYSIS = YES;
				CLANG_WARN_STRICT_PROTOTYPES = YES;
				CLANG_WARN_SUSPICIOUS_MOVE = YES;
				CLANG_WARN_UNGUARDED_AVAILABILITY = YES_AGGRESSIVE;
				CLANG_WARN_UNREACHABLE_CODE = YES;
				CLANG_WARN__DUPLICATE_METHOD_MATCH = YES;
				COPY_PHASE_STRIP = NO;
				DEBUG_INFORMATION_FORMAT = "dwarf-with-dsym";
				ENABLE_NS_ASSERTIONS = NO;
				ENABLE_STRICT_OBJC_MSGSEND = YES;
				ENABLE_USER_SCRIPT_SANDBOXING = YES;
				GCC_C_LANGUAGE_STANDARD = gnu17;
				GCC_NO_COMMON_BLOCKS = YES;
				GCC_WARN_64_TO_32_BIT_CONVERSION = YES;
				GCC_WARN_ABOUT_RETURN_TYPE = YES_ERROR;
				GCC_WARN_UNDECLARED_SELECTOR = YES;
				GCC_WARN_UNINITIALIZED_AUTOS = YES_AGGRESSIVE;
				GCC_WARN_UNUSED_FUNCTION = YES;
				GCC_WARN_UNUSED_VARIABLE = YES;
				LOCALIZATION_PREFERS_STRING_CATALOGS = YES;
				MACOSX_DEPLOYMENT_TARGET = 15.4;
				MTL_ENABLE_DEBUG_INFO = NO;
				MTL_FAST_MATH = YES;
				SDKROOT = macosx;
				SWIFT_COMPILATION_MODE = wholemodule;
			};
			name = Release;
		};
		B66696252DA6A5240086E773 /* Debug */ = {
			isa = XCBuildConfiguration;
			buildSettings = {
				ASSETCATALOG_COMPILER_APPICON_NAME = AppIcon;
				ASSETCATALOG_COMPILER_GLOBAL_ACCENT_COLOR_NAME = AccentColor;
				CODE_SIGN_ENTITLEMENTS = "ollama-manager/ollama_manager.entitlements";
				CODE_SIGN_STYLE = Automatic;
				COMBINE_HIDPI_IMAGES = YES;
				CURRENT_PROJECT_VERSION = 1;
				ENABLE_PREVIEWS = YES;
				GENERATE_INFOPLIST_FILE = YES;
				INFOPLIST_KEY_NSHumanReadableCopyright = "";
				LD_RUNPATH_SEARCH_PATHS = (
					"$(inherited)",
					"@executable_path/../Frameworks",
				);
				MARKETING_VERSION = 1.0;
				PRODUCT_BUNDLE_IDENTIFIER = "cool.confirmed.ollama-manager";
				PRODUCT_NAME = "$(TARGET_NAME)";
				REGISTER_APP_GROUPS = YES;
				SWIFT_EMIT_LOC_STRINGS = YES;
				SWIFT_VERSION = 5.0;
			};
			name = Debug;
		};
		B66696262DA6A5240086E773 /* Release */ = {
			isa = XCBuildConfiguration;
			buildSettings = {
				ASSETCATALOG_COMPILER_APPICON_NAME = AppIcon;
				ASSETCATALOG_COMPILER_GLOBAL_ACCENT_COLOR_NAME = AccentColor;
				CODE_SIGN_ENTITLEMENTS = "ollama-manager/ollama_manager.entitlements";
				CODE_SIGN_STYLE = Automatic;
				COMBINE_HIDPI_IMAGES = YES;
				CURRENT_PROJECT_VERSION = 1;
				ENABLE_PREVIEWS = YES;
				GENERATE_INFOPLIST_FILE = YES;
				INFOPLIST_KEY_NSHumanReadableCopyright = "";
				LD_RUNPATH_SEARCH_PATHS = (
					"$(inherited)",
					"@executable_path/../Frameworks",
				);
				MARKETING_VERSION = 1.0;
				PRODUCT_BUNDLE_IDENTIFIER = "cool.confirmed.ollama-manager";
				PRODUCT_NAME = "$(TARGET_NAME)";
				REGISTER_APP_GROUPS = YES;
				SWIFT_EMIT_LOC_STRINGS = YES;
				SWIFT_VERSION = 5.0;
			};
			name = Release;
		};
		B66696282DA6A5240086E773 /* Debug */ = {
			isa = XCBuildConfiguration;
			buildSettings = {
				BUNDLE_LOADER = "$(TEST_HOST)";
				CODE_SIGN_STYLE = Automatic;
				CURRENT_PROJECT_VERSION = 1;
				GENERATE_INFOPLIST_FILE = YES;
				MACOSX_DEPLOYMENT_TARGET = 15.4;
				MARKETING_VERSION = 1.0;
				PRODUCT_BUNDLE_IDENTIFIER = "cool.confirmed.ollama-managerTests";
				PRODUCT_NAME = "$(TARGET_NAME)";
				SWIFT_EMIT_LOC_STRINGS = NO;
				SWIFT_VERSION = 5.0;
				TEST_HOST = "$(BUILT_PRODUCTS_DIR)/ollama-manager.app/$(BUNDLE_EXECUTABLE_FOLDER_PATH)/ollama-manager";
			};
			name = Debug;
		};
		B66696292DA6A5240086E773 /* Release */ = {
			isa = XCBuildConfiguration;
			buildSettings = {
				BUNDLE_LOADER = "$(TEST_HOST)";
				CODE_SIGN_STYLE = Automatic;
				CURRENT_PROJECT_VERSION = 1;
				GENERATE_INFOPLIST_FILE = YES;
				MACOSX_DEPLOYMENT_TARGET = 15.4;
				MARKETING_VERSION = 1.0;
				PRODUCT_BUNDLE_IDENTIFIER = "cool.confirmed.ollama-managerTests";
				PRODUCT_NAME = "$(TARGET_NAME)";
				SWIFT_EMIT_LOC_STRINGS = NO;
				SWIFT_VERSION = 5.0;
				TEST_HOST = "$(BUILT_PRODUCTS_DIR)/ollama-manager.app/$(BUNDLE_EXECUTABLE_FOLDER_PATH)/ollama-manager";
			};
			name = Release;
		};
		B666962B2DA6A5240086E773 /* Debug */ = {
			isa = XCBuildConfiguration;
			buildSettings = {
				CODE_SIGN_STYLE = Automatic;
				CURRENT_PROJECT_VERSION = 1;
				GENERATE_INFOPLIST_FILE = YES;
				MARKETING_VERSION = 1.0;
				PRODUCT_BUNDLE_IDENTIFIER = "cool.confirmed.ollama-managerUITests";
				PRODUCT_NAME = "$(TARGET_NAME)";
				SWIFT_EMIT_LOC_STRINGS = NO;
				SWIFT_VERSION = 5.0;
				TEST_TARGET_NAME = "ollama-manager";
			};
			name = Debug;
		};
		B666962C2DA6A5240086E773 /* Release */ = {
			isa = XCBuildConfiguration;
			buildSettings = {
				CODE_SIGN_STYLE = Automatic;
				CURRENT_PROJECT_VERSION = 1;
				GENERATE_INFOPLIST_FILE = YES;
				MARKETING_VERSION = 1.0;
				PRODUCT_BUNDLE_IDENTIFIER = "cool.confirmed.ollama-managerUITests";
				PRODUCT_NAME = "$(TARGET_NAME)";
				SWIFT_EMIT_LOC_STRINGS = NO;
				SWIFT_VERSION = 5.0;
				TEST_TARGET_NAME = "ollama-manager";
			};
			name = Release;
		};
/* End XCBuildConfiguration section */

/* Begin XCConfigurationList section */
		B66695FD2DA6A5230086E773 /* Build configuration list for PBXProject "ollama-manager" */ = {
			isa = XCConfigurationList;
			buildConfigurations = (
				B66696222DA6A5240086E773 /* Debug */,
				B66696232DA6A5240086E773 /* Release */,
			);
			defaultConfigurationIsVisible = 0;
			defaultConfigurationName = Release;
		};
		B66696242DA6A5240086E773 /* Build configuration list for PBXNativeTarget "ollama-manager" */ = {
			isa = XCConfigurationList;
			buildConfigurations = (
				B66696252DA6A5240086E773 /* Debug */,
				B66696262DA6A5240086E773 /* Release */,
			);
			defaultConfigurationIsVisible = 0;
			defaultConfigurationName = Release;
		};
		B66696272DA6A5240086E773 /* Build configuration list for PBXNativeTarget "ollama-managerTests" */ = {
			isa = XCConfigurationList;
			buildConfigurations = (
				B66696282DA6A5240086E773 /* Debug */,
				B66696292DA6A5240086E773 /* Release */,
			);
			defaultConfigurationIsVisible = 0;
			defaultConfigurationName = Release;
		};
		B666962A2DA6A5240086E773 /* Build configuration list for PBXNativeTarget "ollama-managerUITests" */ = {
			isa = XCConfigurationList;
			buildConfigurations = (
				B666962B2DA6A5240086E773 /* Debug */,
				B666962C2DA6A5240086E773 /* Release */,
			);
			defaultConfigurationIsVisible = 0;
			defaultConfigurationName = Release;
		};
/* End XCConfigurationList section */
	};
	rootObject = B66695FA2DA6A5230086E773 /* Project object */;
}
